<?xml version="1.0" encoding="utf-8"?>
<Project ToolsVersion="4.0" xmlns="http://schemas.microsoft.com/developer/msbuild/2003">
  <ItemGroup>
    <Filter Include="ソース ファイル">
      <UniqueIdentifier>{4FC737F1-C7A5-4376-A066-2A32D752A2FF}</UniqueIdentifier>
      <Extensions>cpp;c;cc;cxx;c++;cppm;ixx;def;odl;idl;hpj;bat;asm;asmx</Extensions>
    </Filter>
  </ItemGroup>
  <ItemGroup>
    <ClCompile Include="sourcefile\game.cpp">
      <Filter>ソース ファイル</Filter>
    </ClCompile>
    <ClCompile Include="sourcefile\ModeBase.cpp">
      <Filter>ソース ファイル</Filter>
    </ClCompile>
    <ClCompile Include="sourcefile\ModeGame.cpp">
      <Filter>ソース ファイル</Filter>
    </ClCompile>
    <ClCompile Include="sourcefile\ModeServer.cpp">
      <Filter>ソース ファイル</Filter>
    </ClCompile>
    <ClCompile Include="sourcefile\resourceserver.cpp">
      <Filter>ソース ファイル</Filter>
    </ClCompile>
    <ClCompile Include="sourcefile\scripts_string.cpp">
      <Filter>ソース ファイル</Filter>
    </ClCompile>
    <ClCompile Include="sourcefile\winmain.cpp" />
  </ItemGroup>
  <ItemGroup>
    <ClInclude Include="sourcefile\game.h">
      <Filter>ソース ファイル</Filter>
    </ClInclude>
    <ClInclude Include="sourcefile\ModeBase.h">
      <Filter>ソース ファイル</Filter>
    </ClInclude>
    <ClInclude Include="sourcefile\ModeGame.h">
      <Filter>ソース ファイル</Filter>
    </ClInclude>
    <ClInclude Include="sourcefile\ModeServer.h">
      <Filter>ソース ファイル</Filter>
    </ClInclude>
    <ClInclude Include="sourcefile\resourceserver.h">
      <Filter>ソース ファイル</Filter>
    </ClInclude>
    <ClInclude Include="sourcefile\scripts_string.h">
      <Filter>ソース ファイル</Filter>
    </ClInclude>
  </ItemGroup>
</Project>