<?xml version="1.0" encoding="utf-8"?>
<Project ToolsVersion="4.0" xmlns="http://schemas.microsoft.com/developer/msbuild/2003">
  <ItemGroup>
    <Filter Include="sorce">
      <UniqueIdentifier>{4FC737F1-C7A5-4376-A066-2A32D752A2FF}</UniqueIdentifier>
      <Extensions>cpp;c;cc;cxx;c++;cppm;ixx;def;odl;idl;hpj;bat;asm;asmx</Extensions>
    </Filter>
    <Filter Include="sorce\gamescript">
      <UniqueIdentifier>{69a7f492-58bc-48a4-b291-84b589662856}</UniqueIdentifier>
    </Filter>
    <Filter Include="sorce\mode">
      <UniqueIdentifier>{fdf457b1-57a3-406a-b28e-fbe41fc8a5d1}</UniqueIdentifier>
    </Filter>
    <Filter Include="sorce\object">
      <UniqueIdentifier>{39422847-7dc8-48db-b531-3d81b6c00c97}</UniqueIdentifier>
    </Filter>
    <Filter Include="sorce\Math">
      <UniqueIdentifier>{00ee9a9d-c97e-4cc1-b3b6-12762081a139}</UniqueIdentifier>
    </Filter>
  </ItemGroup>
  <ItemGroup>
    <ClCompile Include="sourcefile\mode\ModeBase.cpp">
      <Filter>sorce\mode</Filter>
    </ClCompile>
    <ClCompile Include="sourcefile\mode\ModeMainGame.cpp">
      <Filter>sorce\mode</Filter>
    </ClCompile>
    <ClCompile Include="sourcefile\game.cpp">
      <Filter>sorce</Filter>
    </ClCompile>
    <ClCompile Include="sourcefile\resourceserver.cpp">
      <Filter>sorce</Filter>
    </ClCompile>
    <ClCompile Include="sourcefile\winmain.cpp">
      <Filter>sorce</Filter>
    </ClCompile>
    <ClCompile Include="sourcefile\GameScenario\scripts_string.cpp">
      <Filter>sorce\gamescript</Filter>
    </ClCompile>
    <ClCompile Include="sourcefile\GameScenario\scripts_data.cpp">
      <Filter>sorce\gamescript</Filter>
    </ClCompile>
    <ClCompile Include="sourcefile\GameScenario\input_manager.cpp">
      <Filter>sorce\gamescript</Filter>
    </ClCompile>
    <ClCompile Include="sourcefile\mode\ModeServer.cpp">
      <Filter>sorce\mode</Filter>
    </ClCompile>
    <ClCompile Include="sourcefile\object\ObjectBase.cpp">
      <Filter>sorce\object</Filter>
    </ClCompile>
    <ClCompile Include="sourcefile\object\ObjectServer.cpp">
      <Filter>sorce\object</Filter>
    </ClCompile>
    <ClCompile Include="sourcefile\object\ActorBase3D.cpp">
      <Filter>sorce\object</Filter>
    </ClCompile>
    <ClCompile Include="sourcefile\mode\ModeSclipt.cpp">
      <Filter>sorce\gamescript</Filter>
    </ClCompile>
    <ClCompile Include="sourcefile\object\Player.cpp">
      <Filter>sorce\object</Filter>
    </ClCompile>
    <ClCompile Include="sourcefile\Math\vector4.cpp">
      <Filter>sorce\Math</Filter>
    </ClCompile>
    <ClCompile Include="sourcefile\Math\vector2.cpp">
      <Filter>sorce\Math</Filter>
    </ClCompile>
    <ClCompile Include="sourcefile\Math\utility.cpp">
      <Filter>sorce\Math</Filter>
    </ClCompile>
    <ClCompile Include="sourcefile\Math\matrix44.cpp">
      <Filter>sorce\Math</Filter>
    </ClCompile>
    <ClCompile Include="sourcefile\Math\rect.cpp">
      <Filter>sorce\Math</Filter>
    </ClCompile>
    <ClCompile Include="sourcefile\Math\matrix33.cpp">
      <Filter>sorce\Math</Filter>
    </ClCompile>
    <ClCompile Include="sourcefile\Math\math.cpp">
      <Filter>sorce\Math</Filter>
    </ClCompile>
    <ClCompile Include="sourcefile\Math\Easing.cpp">
      <Filter>sorce\Math</Filter>
    </ClCompile>
    <ClCompile Include="sourcefile\Math\dx_utility.cpp">
      <Filter>sorce\Math</Filter>
    </ClCompile>
    <ClCompile Include="sourcefile\Math\2dCollision.cpp">
      <Filter>sorce\Math</Filter>
    </ClCompile>
    <ClCompile Include="sourcefile\object\GameStage.cpp">
      <Filter>sorce\object</Filter>
    </ClCompile>
  </ItemGroup>
  <ItemGroup>
    <ClInclude Include="sourcefile\mode\ModeBase.h">
      <Filter>sorce\mode</Filter>
    </ClInclude>
    <ClInclude Include="sourcefile\mode\ModeMainGame.h">
      <Filter>sorce\mode</Filter>
    </ClInclude>
    <ClInclude Include="sourcefile\game.h">
      <Filter>sorce</Filter>
    </ClInclude>
    <ClInclude Include="sourcefile\resourceserver.h">
      <Filter>sorce</Filter>
    </ClInclude>
    <ClInclude Include="sourcefile\GameScenario\scripts_string.h">
      <Filter>sorce\gamescript</Filter>
    </ClInclude>
    <ClInclude Include="sourcefile\GameScenario\scripts_data.h">
      <Filter>sorce\gamescript</Filter>
    </ClInclude>
    <ClInclude Include="sourcefile\GameScenario\input_manager.h">
      <Filter>sorce\gamescript</Filter>
    </ClInclude>
    <ClInclude Include="sourcefile\mode\ModeServer.h">
      <Filter>sorce\mode</Filter>
    </ClInclude>
    <ClInclude Include="sourcefile\object\ActorBase3D.h">
      <Filter>sorce\object</Filter>
    </ClInclude>
    <ClInclude Include="sourcefile\object\ObjectBase.h">
      <Filter>sorce\object</Filter>
    </ClInclude>
    <ClInclude Include="sourcefile\object\ObjectServer.h">
      <Filter>sorce\object</Filter>
    </ClInclude>
    <ClInclude Include="sourcefile\mode\ModeSclipt.h">
      <Filter>sorce\gamescript</Filter>
    </ClInclude>
    <ClInclude Include="sourcefile\object\Player.h">
      <Filter>sorce\object</Filter>
    </ClInclude>
    <ClInclude Include="sourcefile\Math\vector4.h">
      <Filter>sorce\Math</Filter>
    </ClInclude>
    <ClInclude Include="sourcefile\Math\vector2.h">
      <Filter>sorce\Math</Filter>
    </ClInclude>
    <ClInclude Include="sourcefile\Math\utility.h">
      <Filter>sorce\Math</Filter>
    </ClInclude>
    <ClInclude Include="sourcefile\Math\rect.h">
      <Filter>sorce\Math</Filter>
    </ClInclude>
    <ClInclude Include="sourcefile\Math\matrix44.h">
      <Filter>sorce\Math</Filter>
    </ClInclude>
    <ClInclude Include="sourcefile\Math\matrix33.h">
      <Filter>sorce\Math</Filter>
    </ClInclude>
    <ClInclude Include="sourcefile\Math\math.h">
      <Filter>sorce\Math</Filter>
    </ClInclude>
    <ClInclude Include="sourcefile\Math\Easing.h">
      <Filter>sorce\Math</Filter>
    </ClInclude>
    <ClInclude Include="sourcefile\Math\2dCollision.h">
      <Filter>sorce\Math</Filter>
    </ClInclude>
    <ClInclude Include="sourcefile\Math\dx_utility.h">
      <Filter>sorce\Math</Filter>
    </ClInclude>
    <ClInclude Include="sourcefile\object\GameStage.h">
      <Filter>sorce\object</Filter>
    </ClInclude>
  </ItemGroup>
</Project>